// !$*UTF8*$!
{
	archiveVersion = 1;
	classes = {
	};
	objectVersion = 77;
	objects = {

/* Begin PBXBuildFile section */
		4B41B4932D58EA0000171A3C /* LaunchAtLogin in Frameworks */ = {isa = PBXBuildFile; productRef = 4B41B4922D58EA0000171A3C /* LaunchAtLogin */; };
		4B6156142D4AC4A900937136 /* README.md in Resources */ = {isa = PBXBuildFile; fileRef = 4B6156132D4AC4A400937136 /* README.md */; };
/* End PBXBuildFile section */

/* Begin PBXContainerItemProxy section */
		4BA2A8D82D452D6B00F62E0A /* PBXContainerItemProxy */ = {
			isa = PBXContainerItemProxy;
			containerPortal = 4BA2A8BE2D452D6A00F62E0A /* Project object */;
			proxyType = 1;
			remoteGlobalIDString = 4BA2A8C52D452D6A00F62E0A;
			remoteInfo = "auto-focus";
		};
/* End PBXContainerItemProxy section */

/* Begin PBXFileReference section */
		4B6156132D4AC4A400937136 /* README.md */ = {isa = PBXFileReference; lastKnownFileType = net.daringfireball.markdown; path = README.md; sourceTree = "<group>"; };
		4BA2A8C62D452D6A00F62E0A /* auto-focus.app */ = {isa = PBXFileReference; explicitFileType = wrapper.application; includeInIndex = 0; path = "auto-focus.app"; sourceTree = BUILT_PRODUCTS_DIR; };
		4BA2A8D72D452D6B00F62E0A /* auto-focusTests.xctest */ = {isa = PBXFileReference; explicitFileType = wrapper.cfbundle; includeInIndex = 0; path = "auto-focusTests.xctest"; sourceTree = BUILT_PRODUCTS_DIR; };
/* End PBXFileReference section */

/* Begin PBXFileSystemSynchronizedBuildFileExceptionSet section */
		4B1614262DF4678200D19E5B /* Exceptions for "auto-focus" folder in "auto-focus" target */ = {
			isa = PBXFileSystemSynchronizedBuildFileExceptionSet;
			membershipExceptions = (
				Info.plist,
			);
			target = 4BA2A8C52D452D6A00F62E0A /* auto-focus */;
		};
/* End PBXFileSystemSynchronizedBuildFileExceptionSet section */

/* Begin PBXFileSystemSynchronizedRootGroup section */
		4B6156112D4AC45300937136 /* workflows */ = {
			isa = PBXFileSystemSynchronizedRootGroup;
			path = workflows;
			sourceTree = "<group>";
		};
		4BA2A8C82D452D6A00F62E0A /* auto-focus */ = {
			isa = PBXFileSystemSynchronizedRootGroup;
			exceptions = (
				4B1614262DF4678200D19E5B /* Exceptions for "auto-focus" folder in "auto-focus" target */,
			);
			path = "auto-focus";
			sourceTree = "<group>";
		};
		4BA2A8DA2D452D6B00F62E0A /* auto-focusTests */ = {
			isa = PBXFileSystemSynchronizedRootGroup;
			path = "auto-focusTests";
			sourceTree = "<group>";
		};
/* End PBXFileSystemSynchronizedRootGroup section */

/* Begin PBXFrameworksBuildPhase section */
		4BA2A8C32D452D6A00F62E0A /* Frameworks */ = {
			isa = PBXFrameworksBuildPhase;
			buildActionMask = 2147483647;
			files = (
				4B41B4932D58EA0000171A3C /* LaunchAtLogin in Frameworks */,
			);
			runOnlyForDeploymentPostprocessing = 0;
		};
		4BA2A8D42D452D6B00F62E0A /* Frameworks */ = {
			isa = PBXFrameworksBuildPhase;
			buildActionMask = 2147483647;
			files = (
			);
			runOnlyForDeploymentPostprocessing = 0;
		};
/* End PBXFrameworksBuildPhase section */

/* Begin PBXGroup section */
		4B6156102D4AC43900937136 /* .github */ = {
			isa = PBXGroup;
			children = (
				4B6156112D4AC45300937136 /* workflows */,
			);
			path = .github;
			sourceTree = "<group>";
		};
		4BA2A8BD2D452D6A00F62E0A = {
			isa = PBXGroup;
			children = (
				4B6156132D4AC4A400937136 /* README.md */,
				4BA2A8C82D452D6A00F62E0A /* auto-focus */,
				4BA2A8DA2D452D6B00F62E0A /* auto-focusTests */,
				4BA2A8C72D452D6A00F62E0A /* Products */,
				4B6156102D4AC43900937136 /* .github */,
			);
			sourceTree = "<group>";
		};
		4BA2A8C72D452D6A00F62E0A /* Products */ = {
			isa = PBXGroup;
			children = (
				4BA2A8C62D452D6A00F62E0A /* auto-focus.app */,
				4BA2A8D72D452D6B00F62E0A /* auto-focusTests.xctest */,
			);
			name = Products;
			sourceTree = "<group>";
		};
/* End PBXGroup section */

/* Begin PBXNativeTarget section */
		4BA2A8C52D452D6A00F62E0A /* auto-focus */ = {
			isa = PBXNativeTarget;
			buildConfigurationList = 4BA2A8EB2D452D6B00F62E0A /* Build configuration list for PBXNativeTarget "auto-focus" */;
			buildPhases = (
				4BA2A8C22D452D6A00F62E0A /* Sources */,
				4BA2A8C32D452D6A00F62E0A /* Frameworks */,
				4BA2A8C42D452D6A00F62E0A /* Resources */,
			);
			buildRules = (
			);
			dependencies = (
			);
			fileSystemSynchronizedGroups = (
				4BA2A8C82D452D6A00F62E0A /* auto-focus */,
			);
			name = "auto-focus";
			packageProductDependencies = (
				4B41B4922D58EA0000171A3C /* LaunchAtLogin */,
			);
			productName = "auto-focus";
			productReference = 4BA2A8C62D452D6A00F62E0A /* auto-focus.app */;
			productType = "com.apple.product-type.application";
		};
		4BA2A8D62D452D6B00F62E0A /* auto-focusTests */ = {
			isa = PBXNativeTarget;
			buildConfigurationList = 4BA2A8EE2D452D6B00F62E0A /* Build configuration list for PBXNativeTarget "auto-focusTests" */;
			buildPhases = (
				4BA2A8D32D452D6B00F62E0A /* Sources */,
				4BA2A8D42D452D6B00F62E0A /* Frameworks */,
				4BA2A8D52D452D6B00F62E0A /* Resources */,
			);
			buildRules = (
			);
			dependencies = (
				4BA2A8D92D452D6B00F62E0A /* PBXTargetDependency */,
			);
			fileSystemSynchronizedGroups = (
				4BA2A8DA2D452D6B00F62E0A /* auto-focusTests */,
			);
			name = "auto-focusTests";
			packageProductDependencies = (
			);
			productName = "auto-focusTests";
			productReference = 4BA2A8D72D452D6B00F62E0A /* auto-focusTests.xctest */;
			productType = "com.apple.product-type.bundle.unit-test";
		};
/* End PBXNativeTarget section */

/* Begin PBXProject section */
		4BA2A8BE2D452D6A00F62E0A /* Project object */ = {
			isa = PBXProject;
			attributes = {
				BuildIndependentTargetsInParallel = 1;
				LastSwiftUpdateCheck = 1620;
				LastUpgradeCheck = 1640;
				TargetAttributes = {
					4BA2A8C52D452D6A00F62E0A = {
						CreatedOnToolsVersion = 16.2;
					};
					4BA2A8D62D452D6B00F62E0A = {
						CreatedOnToolsVersion = 16.2;
						TestTargetID = 4BA2A8C52D452D6A00F62E0A;
					};
				};
			};
			buildConfigurationList = 4BA2A8C12D452D6A00F62E0A /* Build configuration list for PBXProject "auto-focus" */;
			developmentRegion = en;
			hasScannedForEncodings = 0;
			knownRegions = (
				en,
				Base,
			);
			mainGroup = 4BA2A8BD2D452D6A00F62E0A;
			minimizedProjectReferenceProxies = 1;
			packageReferences = (
				4B41B4912D58E91B00171A3C /* XCRemoteSwiftPackageReference "LaunchAtLogin-Modern" */,
			);
			preferredProjectObjectVersion = 77;
			productRefGroup = 4BA2A8C72D452D6A00F62E0A /* Products */;
			projectDirPath = "";
			projectRoot = "";
			targets = (
				4BA2A8C52D452D6A00F62E0A /* auto-focus */,
				4BA2A8D62D452D6B00F62E0A /* auto-focusTests */,
			);
		};
/* End PBXProject section */

/* Begin PBXResourcesBuildPhase section */
		4BA2A8C42D452D6A00F62E0A /* Resources */ = {
			isa = PBXResourcesBuildPhase;
			buildActionMask = 2147483647;
			files = (
				4B6156142D4AC4A900937136 /* README.md in Resources */,
			);
			runOnlyForDeploymentPostprocessing = 0;
		};
		4BA2A8D52D452D6B00F62E0A /* Resources */ = {
			isa = PBXResourcesBuildPhase;
			buildActionMask = 2147483647;
			files = (
			);
			runOnlyForDeploymentPostprocessing = 0;
		};
/* End PBXResourcesBuildPhase section */

/* Begin PBXSourcesBuildPhase section */
		4BA2A8C22D452D6A00F62E0A /* Sources */ = {
			isa = PBXSourcesBuildPhase;
			buildActionMask = 2147483647;
			files = (
			);
			runOnlyForDeploymentPostprocessing = 0;
		};
		4BA2A8D32D452D6B00F62E0A /* Sources */ = {
			isa = PBXSourcesBuildPhase;
			buildActionMask = 2147483647;
			files = (
			);
			runOnlyForDeploymentPostprocessing = 0;
		};
/* End PBXSourcesBuildPhase section */

/* Begin PBXTargetDependency section */
		4BA2A8D92D452D6B00F62E0A /* PBXTargetDependency */ = {
			isa = PBXTargetDependency;
			target = 4BA2A8C52D452D6A00F62E0A /* auto-focus */;
			targetProxy = 4BA2A8D82D452D6B00F62E0A /* PBXContainerItemProxy */;
		};
/* End PBXTargetDependency section */

/* Begin XCBuildConfiguration section */
		4BA2A8E92D452D6B00F62E0A /* Debug */ = {
			isa = XCBuildConfiguration;
			buildSettings = {
				ALWAYS_SEARCH_USER_PATHS = NO;
				ASSETCATALOG_COMPILER_GENERATE_SWIFT_ASSET_SYMBOL_EXTENSIONS = YES;
				CLANG_ANALYZER_NONNULL = YES;
				CLANG_ANALYZER_NUMBER_OBJECT_CONVERSION = YES_AGGRESSIVE;
				CLANG_CXX_LANGUAGE_STANDARD = "gnu++20";
				CLANG_ENABLE_MODULES = YES;
				CLANG_ENABLE_OBJC_ARC = YES;
				CLANG_ENABLE_OBJC_WEAK = YES;
				CLANG_WARN_BLOCK_CAPTURE_AUTORELEASING = YES;
				CLANG_WARN_BOOL_CONVERSION = YES;
				CLANG_WARN_COMMA = YES;
				CLANG_WARN_CONSTANT_CONVERSION = YES;
				CLANG_WARN_DEPRECATED_OBJC_IMPLEMENTATIONS = YES;
				CLANG_WARN_DIRECT_OBJC_ISA_USAGE = YES_ERROR;
				CLANG_WARN_DOCUMENTATION_COMMENTS = YES;
				CLANG_WARN_EMPTY_BODY = YES;
				CLANG_WARN_ENUM_CONVERSION = YES;
				CLANG_WARN_INFINITE_RECURSION = YES;
				CLANG_WARN_INT_CONVERSION = YES;
				CLANG_WARN_NON_LITERAL_NULL_CONVERSION = YES;
				CLANG_WARN_OBJC_IMPLICIT_RETAIN_SELF = YES;
				CLANG_WARN_OBJC_LITERAL_CONVERSION = YES;
				CLANG_WARN_OBJC_ROOT_CLASS = YES_ERROR;
				CLANG_WARN_QUOTED_INCLUDE_IN_FRAMEWORK_HEADER = YES;
				CLANG_WARN_RANGE_LOOP_ANALYSIS = YES;
				CLANG_WARN_STRICT_PROTOTYPES = YES;
				CLANG_WARN_SUSPICIOUS_MOVE = YES;
				CLANG_WARN_UNGUARDED_AVAILABILITY = YES_AGGRESSIVE;
				CLANG_WARN_UNREACHABLE_CODE = YES;
				CLANG_WARN__DUPLICATE_METHOD_MATCH = YES;
				COPY_PHASE_STRIP = NO;
				DEAD_CODE_STRIPPING = YES;
				DEBUG_INFORMATION_FORMAT = dwarf;
				ENABLE_STRICT_OBJC_MSGSEND = YES;
				ENABLE_TESTABILITY = YES;
				ENABLE_USER_SCRIPT_SANDBOXING = YES;
				GCC_C_LANGUAGE_STANDARD = gnu17;
				GCC_DYNAMIC_NO_PIC = NO;
				GCC_NO_COMMON_BLOCKS = YES;
				GCC_OPTIMIZATION_LEVEL = 0;
				GCC_PREPROCESSOR_DEFINITIONS = (
					"DEBUG=1",
					"$(inherited)",
				);
				GCC_WARN_64_TO_32_BIT_CONVERSION = YES;
				GCC_WARN_ABOUT_RETURN_TYPE = YES_ERROR;
				GCC_WARN_UNDECLARED_SELECTOR = YES;
				GCC_WARN_UNINITIALIZED_AUTOS = YES_AGGRESSIVE;
				GCC_WARN_UNUSED_FUNCTION = YES;
				GCC_WARN_UNUSED_VARIABLE = YES;
				LOCALIZATION_PREFERS_STRING_CATALOGS = YES;
				MACOSX_DEPLOYMENT_TARGET = 14.6;
				MTL_ENABLE_DEBUG_INFO = INCLUDE_SOURCE;
				MTL_FAST_MATH = YES;
				ONLY_ACTIVE_ARCH = YES;
				SDKROOT = macosx;
				SWIFT_ACTIVE_COMPILATION_CONDITIONS = "DEBUG $(inherited)";
				SWIFT_OPTIMIZATION_LEVEL = "-Onone";
			};
			name = Debug;
		};
		4BA2A8EA2D452D6B00F62E0A /* Release */ = {
			isa = XCBuildConfiguration;
			buildSettings = {
				ALWAYS_SEARCH_USER_PATHS = NO;
				ASSETCATALOG_COMPILER_GENERATE_SWIFT_ASSET_SYMBOL_EXTENSIONS = YES;
				CLANG_ANALYZER_NONNULL = YES;
				CLANG_ANALYZER_NUMBER_OBJECT_CONVERSION = YES_AGGRESSIVE;
				CLANG_CXX_LANGUAGE_STANDARD = "gnu++20";
				CLANG_ENABLE_MODULES = YES;
				CLANG_ENABLE_OBJC_ARC = YES;
				CLANG_ENABLE_OBJC_WEAK = YES;
				CLANG_WARN_BLOCK_CAPTURE_AUTORELEASING = YES;
				CLANG_WARN_BOOL_CONVERSION = YES;
				CLANG_WARN_COMMA = YES;
				CLANG_WARN_CONSTANT_CONVERSION = YES;
				CLANG_WARN_DEPRECATED_OBJC_IMPLEMENTATIONS = YES;
				CLANG_WARN_DIRECT_OBJC_ISA_USAGE = YES_ERROR;
				CLANG_WARN_DOCUMENTATION_COMMENTS = YES;
				CLANG_WARN_EMPTY_BODY = YES;
				CLANG_WARN_ENUM_CONVERSION = YES;
				CLANG_WARN_INFINITE_RECURSION = YES;
				CLANG_WARN_INT_CONVERSION = YES;
				CLANG_WARN_NON_LITERAL_NULL_CONVERSION = YES;
				CLANG_WARN_OBJC_IMPLICIT_RETAIN_SELF = YES;
				CLANG_WARN_OBJC_LITERAL_CONVERSION = YES;
				CLANG_WARN_OBJC_ROOT_CLASS = YES_ERROR;
				CLANG_WARN_QUOTED_INCLUDE_IN_FRAMEWORK_HEADER = YES;
				CLANG_WARN_RANGE_LOOP_ANALYSIS = YES;
				CLANG_WARN_STRICT_PROTOTYPES = YES;
				CLANG_WARN_SUSPICIOUS_MOVE = YES;
				CLANG_WARN_UNGUARDED_AVAILABILITY = YES_AGGRESSIVE;
				CLANG_WARN_UNREACHABLE_CODE = YES;
				CLANG_WARN__DUPLICATE_METHOD_MATCH = YES;
				COPY_PHASE_STRIP = NO;
				DEAD_CODE_STRIPPING = YES;
				DEBUG_INFORMATION_FORMAT = "dwarf-with-dsym";
				ENABLE_NS_ASSERTIONS = NO;
				ENABLE_STRICT_OBJC_MSGSEND = YES;
				ENABLE_USER_SCRIPT_SANDBOXING = YES;
				GCC_C_LANGUAGE_STANDARD = gnu17;
				GCC_NO_COMMON_BLOCKS = YES;
				GCC_WARN_64_TO_32_BIT_CONVERSION = YES;
				GCC_WARN_ABOUT_RETURN_TYPE = YES_ERROR;
				GCC_WARN_UNDECLARED_SELECTOR = YES;
				GCC_WARN_UNINITIALIZED_AUTOS = YES_AGGRESSIVE;
				GCC_WARN_UNUSED_FUNCTION = YES;
				GCC_WARN_UNUSED_VARIABLE = YES;
				LOCALIZATION_PREFERS_STRING_CATALOGS = YES;
				MACOSX_DEPLOYMENT_TARGET = 14.6;
				MTL_ENABLE_DEBUG_INFO = NO;
				MTL_FAST_MATH = YES;
				SDKROOT = macosx;
				SWIFT_COMPILATION_MODE = wholemodule;
			};
			name = Release;
		};
		4BA2A8EC2D452D6B00F62E0A /* Debug */ = {
			isa = XCBuildConfiguration;
			buildSettings = {
				ASSETCATALOG_COMPILER_APPICON_NAME = AppIcon;
				ASSETCATALOG_COMPILER_GLOBAL_ACCENT_COLOR_NAME = AccentColor;
				ASSETCATALOG_COMPILER_INCLUDE_ALL_APPICON_ASSETS = NO;
				CODE_SIGN_ENTITLEMENTS = "auto-focus/auto_focus.entitlements";
				"CODE_SIGN_IDENTITY[sdk=macosx*]" = "-";
				CODE_SIGN_STYLE = Automatic;
				COMBINE_HIDPI_IMAGES = YES;
				CURRENT_PROJECT_VERSION = 10;
				DEAD_CODE_STRIPPING = YES;
				DEVELOPMENT_ASSET_PATHS = "\"auto-focus/Preview Content\"";
				DEVELOPMENT_TEAM = LKQJ2JG34Y;
				ENABLE_HARDENED_RUNTIME = YES;
				ENABLE_PREVIEWS = YES;
				GENERATE_INFOPLIST_FILE = YES;
				INFOPLIST_FILE = "auto-focus/Info.plist";
				INFOPLIST_KEY_CFBundleDisplayName = "Auto Focus Tracker";
				INFOPLIST_KEY_LSApplicationCategoryType = "public.app-category.productivity";
				INFOPLIST_KEY_NSAppleEventsUsageDescription = "Auto-Focus needs to control Focus modes";
				INFOPLIST_KEY_NSHumanReadableCopyright = "";
				LD_RUNPATH_SEARCH_PATHS = (
					"$(inherited)",
					"@executable_path/../Frameworks",
				);
				MACOSX_DEPLOYMENT_TARGET = 14.6;
				MARKETING_VERSION = 1.14.4;
				PRODUCT_BUNDLE_IDENTIFIER = "auto-focus.auto-focus";
				PRODUCT_NAME = "$(TARGET_NAME)";
				SWIFT_EMIT_LOC_STRINGS = YES;
				SWIFT_VERSION = 5.0;
			};
			name = Debug;
		};
		4BA2A8ED2D452D6B00F62E0A /* Release */ = {
			isa = XCBuildConfiguration;
			buildSettings = {
				ASSETCATALOG_COMPILER_APPICON_NAME = AppIcon;
				ASSETCATALOG_COMPILER_GLOBAL_ACCENT_COLOR_NAME = AccentColor;
				ASSETCATALOG_COMPILER_INCLUDE_ALL_APPICON_ASSETS = NO;
				CODE_SIGN_ENTITLEMENTS = "auto-focus/auto_focus.entitlements";
				"CODE_SIGN_IDENTITY[sdk=macosx*]" = "-";
				CODE_SIGN_STYLE = Automatic;
				COMBINE_HIDPI_IMAGES = YES;
				CURRENT_PROJECT_VERSION = 10;
				DEAD_CODE_STRIPPING = YES;
				DEVELOPMENT_ASSET_PATHS = "\"auto-focus/Preview Content\"";
				DEVELOPMENT_TEAM = LKQJ2JG34Y;
				ENABLE_HARDENED_RUNTIME = YES;
				ENABLE_PREVIEWS = YES;
				GENERATE_INFOPLIST_FILE = YES;
				INFOPLIST_FILE = "auto-focus/Info.plist";
				INFOPLIST_KEY_CFBundleDisplayName = "Auto Focus Tracker";
				INFOPLIST_KEY_LSApplicationCategoryType = "public.app-category.productivity";
				INFOPLIST_KEY_NSAppleEventsUsageDescription = "Auto-Focus needs to control Focus modes";
				INFOPLIST_KEY_NSHumanReadableCopyright = "";
				LD_RUNPATH_SEARCH_PATHS = (
					"$(inherited)",
					"@executable_path/../Frameworks",
				);
				MACOSX_DEPLOYMENT_TARGET = 14.6;
				MARKETING_VERSION = 1.14.4;
				PRODUCT_BUNDLE_IDENTIFIER = "auto-focus.auto-focus";
				PRODUCT_NAME = "$(TARGET_NAME)";
				SWIFT_EMIT_LOC_STRINGS = YES;
				SWIFT_VERSION = 5.0;
			};
			name = Release;
		};
		4BA2A8EF2D452D6B00F62E0A /* Debug */ = {
			isa = XCBuildConfiguration;
			buildSettings = {
				BUNDLE_LOADER = "$(TEST_HOST)";
				CODE_SIGNING_ALLOWED = NO;
				CODE_SIGN_IDENTITY = "-";
				CODE_SIGN_STYLE = Manual;
				CURRENT_PROJECT_VERSION = 10;
				DEAD_CODE_STRIPPING = YES;
				GENERATE_INFOPLIST_FILE = YES;
				MACOSX_DEPLOYMENT_TARGET = 14.6;
				MARKETING_VERSION = 1.14.4;
				PRODUCT_BUNDLE_IDENTIFIER = "auto-focus.auto-focusTests";
				PRODUCT_NAME = "$(TARGET_NAME)";
				SWIFT_EMIT_LOC_STRINGS = NO;
				SWIFT_VERSION = 5.0;
				TEST_HOST = "$(BUILT_PRODUCTS_DIR)/auto-focus.app/$(BUNDLE_EXECUTABLE_FOLDER_PATH)/auto-focus";
			};
			name = Debug;
		};
		4BA2A8F02D452D6B00F62E0A /* Release */ = {
			isa = XCBuildConfiguration;
			buildSettings = {
				BUNDLE_LOADER = "$(TEST_HOST)";
				CODE_SIGNING_ALLOWED = NO;
				CODE_SIGN_IDENTITY = "-";
				CODE_SIGN_STYLE = Manual;
				CURRENT_PROJECT_VERSION = 10;
				DEAD_CODE_STRIPPING = YES;
				GENERATE_INFOPLIST_FILE = YES;
				MACOSX_DEPLOYMENT_TARGET = 14.6;
				MARKETING_VERSION = 1.14.4;
				PRODUCT_BUNDLE_IDENTIFIER = "auto-focus.auto-focusTests";
				PRODUCT_NAME = "$(TARGET_NAME)";
				SWIFT_EMIT_LOC_STRINGS = NO;
				SWIFT_VERSION = 5.0;
				TEST_HOST = "$(BUILT_PRODUCTS_DIR)/auto-focus.app/$(BUNDLE_EXECUTABLE_FOLDER_PATH)/auto-focus";
			};
			name = Release;
		};
/* End XCBuildConfiguration section */

/* Begin XCConfigurationList section */
		4BA2A8C12D452D6A00F62E0A /* Build configuration list for PBXProject "auto-focus" */ = {
			isa = XCConfigurationList;
			buildConfigurations = (
				4BA2A8E92D452D6B00F62E0A /* Debug */,
				4BA2A8EA2D452D6B00F62E0A /* Release */,
			);
			defaultConfigurationIsVisible = 0;
			defaultConfigurationName = Release;
		};
		4BA2A8EB2D452D6B00F62E0A /* Build configuration list for PBXNativeTarget "auto-focus" */ = {
			isa = XCConfigurationList;
			buildConfigurations = (
				4BA2A8EC2D452D6B00F62E0A /* Debug */,
				4BA2A8ED2D452D6B00F62E0A /* Release */,
			);
			defaultConfigurationIsVisible = 0;
			defaultConfigurationName = Release;
		};
		4BA2A8EE2D452D6B00F62E0A /* Build configuration list for PBXNativeTarget "auto-focusTests" */ = {
			isa = XCConfigurationList;
			buildConfigurations = (
				4BA2A8EF2D452D6B00F62E0A /* Debug */,
				4BA2A8F02D452D6B00F62E0A /* Release */,
			);
			defaultConfigurationIsVisible = 0;
			defaultConfigurationName = Release;
		};
/* End XCConfigurationList section */

/* Begin XCRemoteSwiftPackageReference section */
		4B41B4912D58E91B00171A3C /* XCRemoteSwiftPackageReference "LaunchAtLogin-Modern" */ = {
			isa = XCRemoteSwiftPackageReference;
			repositoryURL = "https://github.com/sindresorhus/LaunchAtLogin-Modern";
			requirement = {
				branch = main;
				kind = branch;
			};
		};
/* End XCRemoteSwiftPackageReference section */

/* Begin XCSwiftPackageProductDependency section */
		4B41B4922D58EA0000171A3C /* LaunchAtLogin */ = {
			isa = XCSwiftPackageProductDependency;
			package = 4B41B4912D58E91B00171A3C /* XCRemoteSwiftPackageReference "LaunchAtLogin-Modern" */;
			productName = LaunchAtLogin;
		};
/* End XCSwiftPackageProductDependency section */
	};
	rootObject = 4BA2A8BE2D452D6A00F62E0A /* Project object */;
}
